
Microsoft Visual Studio Solution File, Format Version 12.00
# Visual Studio Version 17
VisualStudioVersion = 17.0.31903.59
MinimumVisualStudioVersion = 10.0.40219.1
Project("{2150E333-8FDC-42A3-9474-1A3956D46DE8}") = "src", "src", "{827E0CD3-B72D-47B6-A68D-7590B98EB39B}"
EndProject
Project("{FAE04EC0-301F-11D3-BF4B-00C04F79EFBC}") = "ApiTester.Core", "src\ApiTester.Core\ApiTester.Core.csproj", "{31A6F7F8-E38C-4CA6-A8D8-22B4595BB154}"
EndProject
Project("{FAE04EC0-301F-11D3-BF4B-00C04F79EFBC}") = "ApiTester.App", "src\ApiTester.App\ApiTester.App.csproj", "{B050247E-6EDF-4C1C-B331-1DDC9E0BA824}"
EndProject
Project("{FAE04EC0-301F-11D3-BF4B-00C04F79EFBC}") = "ApiTester.Tests", "tests\ApiTester.Tests\ApiTester.Tests.csproj", "{8BAE66B6-3EBD-492D-B054-EF2EBFF143A7}"
EndProject
Global
	GlobalSection(SolutionConfigurationPlatforms) = preSolution
		Debug|Any CPU = Debug|Any CPU
		Debug|x64 = Debug|x64
		Debug|x86 = Debug|x86
		Release|Any CPU = Release|Any CPU
		Release|x64 = Release|x64
		Release|x86 = Release|x86
	EndGlobalSection
	GlobalSection(ProjectConfigurationPlatforms) = postSolution
		{31A6F7F8-E38C-4CA6-A8D8-22B4595BB154}.Debug|Any CPU.ActiveCfg = Debug|Any CPU
		{31A6F7F8-E38C-4CA6-A8D8-22B4595BB154}.Debug|Any CPU.Build.0 = Debug|Any CPU
		{31A6F7F8-E38C-4CA6-A8D8-22B4595BB154}.Debug|x64.ActiveCfg = Debug|Any CPU
		{31A6F7F8-E38C-4CA6-A8D8-22B4595BB154}.Debug|x64.Build.0 = Debug|Any CPU
		{31A6F7F8-E38C-4CA6-A8D8-22B4595BB154}.Debug|x86.ActiveCfg = Debug|Any CPU
		{31A6F7F8-E38C-4CA6-A8D8-22B4595BB154}.Debug|x86.Build.0 = Debug|Any CPU
		{31A6F7F8-E38C-4CA6-A8D8-22B4595BB154}.Release|Any CPU.ActiveCfg = Release|Any CPU
		{31A6F7F8-E38C-4CA6-A8D8-22B4595BB154}.Release|Any CPU.Build.0 = Release|Any CPU
		{31A6F7F8-E38C-4CA6-A8D8-22B4595BB154}.Release|x64.ActiveCfg = Release|Any CPU
		{31A6F7F8-E38C-4CA6-A8D8-22B4595BB154}.Release|x64.Build.0 = Release|Any CPU
		{31A6F7F8-E38C-4CA6-A8D8-22B4595BB154}.Release|x86.ActiveCfg = Release|Any CPU
		{31A6F7F8-E38C-4CA6-A8D8-22B4595BB154}.Release|x86.Build.0 = Release|Any CPU
		{B050247E-6EDF-4C1C-B331-1DDC9E0BA824}.Debug|Any CPU.ActiveCfg = Debug|Any CPU
		{B050247E-6EDF-4C1C-B331-1DDC9E0BA824}.Debug|Any CPU.Build.0 = Debug|Any CPU
		{B050247E-6EDF-4C1C-B331-1DDC9E0BA824}.Debug|x64.ActiveCfg = Debug|Any CPU
		{B050247E-6EDF-4C1C-B331-1DDC9E0BA824}.Debug|x64.Build.0 = Debug|Any CPU
		{B050247E-6EDF-4C1C-B331-1DDC9E0BA824}.Debug|x86.ActiveCfg = Debug|Any CPU
		{B050247E-6EDF-4C1C-B331-1DDC9E0BA824}.Debug|x86.Build.0 = Debug|Any CPU
		{B050247E-6EDF-4C1C-B331-1DDC9E0BA824}.Release|Any CPU.ActiveCfg = Release|Any CPU
		{B050247E-6EDF-4C1C-B331-1DDC9E0BA824}.Release|Any CPU.Build.0 = Release|Any CPU
		{B050247E-6EDF-4C1C-B331-1DDC9E0BA824}.Release|x64.ActiveCfg = Release|Any CPU
		{B050247E-6EDF-4C1C-B331-1DDC9E0BA824}.Release|x64.Build.0 = Release|Any CPU
		{B050247E-6EDF-4C1C-B331-1DDC9E0BA824}.Release|x86.ActiveCfg = Release|Any CPU
		{B050247E-6EDF-4C1C-B331-1DDC9E0BA824}.Release|x86.Build.0 = Release|Any CPU
		{8BAE66B6-3EBD-492D-B054-EF2EBFF143A7}.Debug|Any CPU.ActiveCfg = Debug|Any CPU
		{8BAE66B6-3EBD-492D-B054-EF2EBFF143A7}.Debug|Any CPU.Build.0 = Debug|Any CPU
		{8BAE66B6-3EBD-492D-B054-EF2EBFF143A7}.Debug|x64.ActiveCfg = Debug|Any CPU
		{8BAE66B6-3EBD-492D-B054-EF2EBFF143A7}.Debug|x64.Build.0 = Debug|Any CPU
		{8BAE66B6-3EBD-492D-B054-EF2EBFF143A7}.Debug|x86.ActiveCfg = Debug|Any CPU
		{8BAE66B6-3EBD-492D-B054-EF2EBFF143A7}.Debug|x86.Build.0 = Debug|Any CPU
		{8BAE66B6-3EBD-492D-B054-EF2EBFF143A7}.Release|Any CPU.ActiveCfg = Release|Any CPU
		{8BAE66B6-3EBD-492D-B054-EF2EBFF143A7}.Release|Any CPU.Build.0 = Release|Any CPU
		{8BAE66B6-3EBD-492D-B054-EF2EBFF143A7}.Release|x64.ActiveCfg = Release|Any CPU
		{8BAE66B6-3EBD-492D-B054-EF2EBFF143A7}.Release|x64.Build.0 = Release|Any CPU
		{8BAE66B6-3EBD-492D-B054-EF2EBFF143A7}.Release|x86.ActiveCfg = Release|Any CPU
		{8BAE66B6-3EBD-492D-B054-EF2EBFF143A7}.Release|x86.Build.0 = Release|Any CPU
	EndGlobalSection
	GlobalSection(SolutionProperties) = preSolution
		HideSolutionNode = FALSE
	EndGlobalSection
	GlobalSection(NestedProjects) = preSolution
		{31A6F7F8-E38C-4CA6-A8D8-22B4595BB154} = {827E0CD3-B72D-47B6-A68D-7590B98EB39B}
		{B050247E-6EDF-4C1C-B331-1DDC9E0BA824} = {827E0CD3-B72D-47B6-A68D-7590B98EB39B}
		{8BAE66B6-3EBD-492D-B054-EF2EBFF143A7} = {827E0CD3-B72D-47B6-A68D-7590B98EB39B}
	EndGlobalSection
EndGlobal
